
Microsoft Visual Studio Solution File, Format Version 12.00
# Visual Studio Version 17
VisualStudioVersion = 17.7.34024.191
MinimumVisualStudioVersion = 10.0.40219.1
Project("{FAE04EC0-301F-11D3-BF4B-00C04F79EFBC}") = "BlackJack Thibault", "BlackJack Thibault\BlackJack Thibault.csproj", "{ACFF5694-CFF4-468B-95F9-C27455C62DD4}"
EndProject
Global
	GlobalSection(SolutionConfigurationPlatforms) = preSolution
		Debug|Any CPU = Debug|Any CPU
		Release|Any CPU = Release|Any CPU
	EndGlobalSection
	GlobalSection(ProjectConfigurationPlatforms) = postSolution
		{ACFF5694-CFF4-468B-95F9-C27455C62DD4}.Debug|Any CPU.ActiveCfg = Debug|Any CPU
		{ACFF5694-CFF4-468B-95F9-C27455C62DD4}.Debug|Any CPU.Build.0 = Debug|Any CPU
		{ACFF5694-CFF4-468B-95F9-C27455C62DD4}.Release|Any CPU.ActiveCfg = Release|Any CPU
		{ACFF5694-CFF4-468B-95F9-C27455C62DD4}.Release|Any CPU.Build.0 = Release|Any CPU
	EndGlobalSection
	GlobalSection(SolutionProperties) = preSolution
		HideSolutionNode = FALSE
	EndGlobalSection
	GlobalSection(ExtensibilityGlobals) = postSolution
		SolutionGuid = {83D7DE7F-0A08-42E5-ACE1-677DE903B4B4}
	EndGlobalSection
EndGlobal
